
Microsoft Visual Studio Solution File, Format Version 12.00
# Visual Studio 14
VisualStudioVersion = 14.0.23107.0
MinimumVisualStudioVersion = 10.0.40219.1
Project("{FAE04EC0-301F-11D3-BF4B-00C04F79EFBC}") = "LeanFtTestProject2", "LeanFtTestProject2\LeanFtTestProject2.csproj", "{BC72307A-4AB3-48AD-ADA6-D4214760725C}"
EndProject
Global
	GlobalSection(SolutionConfigurationPlatforms) = preSolution
		Debug|Any CPU = Debug|Any CPU
		Release|Any CPU = Release|Any CPU
	EndGlobalSection
	GlobalSection(ProjectConfigurationPlatforms) = postSolution
		{BC72307A-4AB3-48AD-ADA6-D4214760725C}.Debug|Any CPU.ActiveCfg = Debug|Any CPU
		{BC72307A-4AB3-48AD-ADA6-D4214760725C}.Debug|Any CPU.Build.0 = Debug|Any CPU
		{BC72307A-4AB3-48AD-ADA6-D4214760725C}.Release|Any CPU.ActiveCfg = Release|Any CPU
		{BC72307A-4AB3-48AD-ADA6-D4214760725C}.Release|Any CPU.Build.0 = Release|Any CPU
	EndGlobalSection
	GlobalSection(SolutionProperties) = preSolution
		HideSolutionNode = FALSE
	EndGlobalSection
EndGlobal
